// !$*UTF8*$!
{
	archiveVersion = 1;
	classes = {
	};
	objectVersion = 51;
	objects = {

/* Begin PBXBuildFile section */
		1B0576D62637E85600C9D255 /* AppDelegate.m in Sources */ = {isa = PBXBuildFile; fileRef = 1B0576D52637E85600C9D255 /* AppDelegate.m */; };
		1B0576D92637E85600C9D255 /* SceneDelegate.m in Sources */ = {isa = PBXBuildFile; fileRef = 1B0576D82637E85600C9D255 /* SceneDelegate.m */; };
		1B0576DC2637E85600C9D255 /* ViewController.m in Sources */ = {isa = PBXBuildFile; fileRef = 1B0576DB2637E85600C9D255 /* ViewController.m */; };
		1B0576DF2637E85600C9D255 /* Main.storyboard in Resources */ = {isa = PBXBuildFile; fileRef = 1B0576DD2637E85600C9D255 /* Main.storyboard */; };
		1B0576E12637E85900C9D255 /* Assets.xcassets in Resources */ = {isa = PBXBuildFile; fileRef = 1B0576E02637E85900C9D255 /* Assets.xcassets */; };
		1B0576E42637E85900C9D255 /* LaunchScreen.storyboard in Resources */ = {isa = PBXBuildFile; fileRef = 1B0576E22637E85900C9D255 /* LaunchScreen.storyboard */; };
		1B0576E72637E85900C9D255 /* main.m in Sources */ = {isa = PBXBuildFile; fileRef = 1B0576E62637E85900C9D255 /* main.m */; };
		1B0576FF2637F38500C9D255 /* HXUIMoneyTextField.m in Sources */ = {isa = PBXBuildFile; fileRef = 1B0576FE2637F38500C9D255 /* HXUIMoneyTextField.m */; };
		1B4785EB263BE7E1001FCB3F /* HXUITools.h in Sources */ = {isa = PBXBuildFile; fileRef = 1B4785E9263BE670001FCB3F /* HXUITools.h */; };
		1B4785EF263BED44001FCB3F /* UIImage+HXUIImage.m in Sources */ = {isa = PBXBuildFile; fileRef = 1B4785EE263BED44001FCB3F /* UIImage+HXUIImage.m */; };
		1B4785F3263BEDC9001FCB3F /* HXUIDateTool.m in Sources */ = {isa = PBXBuildFile; fileRef = 1B4785F2263BEDC9001FCB3F /* HXUIDateTool.m */; };
		C61BEB7AB998599C8CE23A5C /* Pods_TestDemo.framework in Frameworks */ = {isa = PBXBuildFile; fileRef = 6939CF9438923B2BEF663D55 /* Pods_TestDemo.framework */; };
/* End PBXBuildFile section */

/* Begin PBXFileReference section */
		1B0576D12637E85600C9D255 /* TestDemo.app */ = {isa = PBXFileReference; explicitFileType = wrapper.application; includeInIndex = 0; path = TestDemo.app; sourceTree = BUILT_PRODUCTS_DIR; };
		1B0576D42637E85600C9D255 /* AppDelegate.h */ = {isa = PBXFileReference; lastKnownFileType = sourcecode.c.h; path = AppDelegate.h; sourceTree = "<group>"; };
		1B0576D52637E85600C9D255 /* AppDelegate.m */ = {isa = PBXFileReference; lastKnownFileType = sourcecode.c.objc; path = AppDelegate.m; sourceTree = "<group>"; };
		1B0576D72637E85600C9D255 /* SceneDelegate.h */ = {isa = PBXFileReference; lastKnownFileType = sourcecode.c.h; path = SceneDelegate.h; sourceTree = "<group>"; };
		1B0576D82637E85600C9D255 /* SceneDelegate.m */ = {isa = PBXFileReference; lastKnownFileType = sourcecode.c.objc; path = SceneDelegate.m; sourceTree = "<group>"; };
		1B0576DA2637E85600C9D255 /* ViewController.h */ = {isa = PBXFileReference; lastKnownFileType = sourcecode.c.h; path = ViewController.h; sourceTree = "<group>"; };
		1B0576DB2637E85600C9D255 /* ViewController.m */ = {isa = PBXFileReference; lastKnownFileType = sourcecode.c.objc; path = ViewController.m; sourceTree = "<group>"; };
		1B0576DE2637E85600C9D255 /* Base */ = {isa = PBXFileReference; lastKnownFileType = file.storyboard; name = Base; path = Base.lproj/Main.storyboard; sourceTree = "<group>"; };
		1B0576E02637E85900C9D255 /* Assets.xcassets */ = {isa = PBXFileReference; lastKnownFileType = folder.assetcatalog; path = Assets.xcassets; sourceTree = "<group>"; };
		1B0576E32637E85900C9D255 /* Base */ = {isa = PBXFileReference; lastKnownFileType = file.storyboard; name = Base; path = Base.lproj/LaunchScreen.storyboard; sourceTree = "<group>"; };
		1B0576E52637E85900C9D255 /* Info.plist */ = {isa = PBXFileReference; lastKnownFileType = text.plist.xml; path = Info.plist; sourceTree = "<group>"; };
		1B0576E62637E85900C9D255 /* main.m */ = {isa = PBXFileReference; lastKnownFileType = sourcecode.c.objc; path = main.m; sourceTree = "<group>"; };
		1B0576FD2637F38500C9D255 /* HXUIMoneyTextField.h */ = {isa = PBXFileReference; fileEncoding = 4; lastKnownFileType = sourcecode.c.h; path = HXUIMoneyTextField.h; sourceTree = "<group>"; };
		1B0576FE2637F38500C9D255 /* HXUIMoneyTextField.m */ = {isa = PBXFileReference; fileEncoding = 4; lastKnownFileType = sourcecode.c.objc; path = HXUIMoneyTextField.m; sourceTree = "<group>"; };
		1B4785E9263BE670001FCB3F /* HXUITools.h */ = {isa = PBXFileReference; lastKnownFileType = sourcecode.c.h; path = HXUITools.h; sourceTree = "<group>"; };
		1B4785ED263BED44001FCB3F /* UIImage+HXUIImage.h */ = {isa = PBXFileReference; lastKnownFileType = sourcecode.c.h; path = "UIImage+HXUIImage.h"; sourceTree = "<group>"; };
		1B4785EE263BED44001FCB3F /* UIImage+HXUIImage.m */ = {isa = PBXFileReference; lastKnownFileType = sourcecode.c.objc; path = "UIImage+HXUIImage.m"; sourceTree = "<group>"; };
		1B4785F1263BEDC9001FCB3F /* HXUIDateTool.h */ = {isa = PBXFileReference; lastKnownFileType = sourcecode.c.h; path = HXUIDateTool.h; sourceTree = "<group>"; };
		1B4785F2263BEDC9001FCB3F /* HXUIDateTool.m */ = {isa = PBXFileReference; lastKnownFileType = sourcecode.c.objc; path = HXUIDateTool.m; sourceTree = "<group>"; };
		2CC5B93E4336A4CE5C8EE988 /* Pods-TestDemo.release.xcconfig */ = {isa = PBXFileReference; includeInIndex = 1; lastKnownFileType = text.xcconfig; name = "Pods-TestDemo.release.xcconfig"; path = "Target Support Files/Pods-TestDemo/Pods-TestDemo.release.xcconfig"; sourceTree = "<group>"; };
		6939CF9438923B2BEF663D55 /* Pods_TestDemo.framework */ = {isa = PBXFileReference; explicitFileType = wrapper.framework; includeInIndex = 0; path = Pods_TestDemo.framework; sourceTree = BUILT_PRODUCTS_DIR; };
		FF1E7BF7D58022312884C663 /* Pods-TestDemo.debug.xcconfig */ = {isa = PBXFileReference; includeInIndex = 1; lastKnownFileType = text.xcconfig; name = "Pods-TestDemo.debug.xcconfig"; path = "Target Support Files/Pods-TestDemo/Pods-TestDemo.debug.xcconfig"; sourceTree = "<group>"; };
/* End PBXFileReference section */

/* Begin PBXFrameworksBuildPhase section */
		1B0576CE2637E85600C9D255 /* Frameworks */ = {
			isa = PBXFrameworksBuildPhase;
			buildActionMask = 2147483647;
			files = (
				C61BEB7AB998599C8CE23A5C /* Pods_TestDemo.framework in Frameworks */,
			);
			runOnlyForDeploymentPostprocessing = 0;
		};
/* End PBXFrameworksBuildPhase section */

/* Begin PBXGroup section */
		1B0576C82637E85600C9D255 = {
			isa = PBXGroup;
			children = (
				1B0576D32637E85600C9D255 /* TestDemo */,
				1B0576D22637E85600C9D255 /* Products */,
				69112D87168573A7D8E60493 /* Pods */,
				821555BEDE5D0685A396EEFF /* Frameworks */,
			);
			sourceTree = "<group>";
		};
		1B0576D22637E85600C9D255 /* Products */ = {
			isa = PBXGroup;
			children = (
				1B0576D12637E85600C9D255 /* TestDemo.app */,
			);
			name = Products;
			sourceTree = "<group>";
		};
		1B0576D32637E85600C9D255 /* TestDemo */ = {
			isa = PBXGroup;
			children = (
				1B0576FC2637F38500C9D255 /* HXUI */,
				1B0576D42637E85600C9D255 /* AppDelegate.h */,
				1B0576D52637E85600C9D255 /* AppDelegate.m */,
				1B0576D72637E85600C9D255 /* SceneDelegate.h */,
				1B0576D82637E85600C9D255 /* SceneDelegate.m */,
				1B0576DA2637E85600C9D255 /* ViewController.h */,
				1B0576DB2637E85600C9D255 /* ViewController.m */,
				1B0576DD2637E85600C9D255 /* Main.storyboard */,
				1B0576E02637E85900C9D255 /* Assets.xcassets */,
				1B0576E22637E85900C9D255 /* LaunchScreen.storyboard */,
				1B0576E52637E85900C9D255 /* Info.plist */,
				1B0576E62637E85900C9D255 /* main.m */,
			);
			path = TestDemo;
			sourceTree = "<group>";
		};
		1B0576FC2637F38500C9D255 /* HXUI */ = {
			isa = PBXGroup;
			children = (
				1B0576FD2637F38500C9D255 /* HXUIMoneyTextField.h */,
				1B0576FE2637F38500C9D255 /* HXUIMoneyTextField.m */,
				1B4785ED263BED44001FCB3F /* UIImage+HXUIImage.h */,
				1B4785EE263BED44001FCB3F /* UIImage+HXUIImage.m */,
				1B4785F1263BEDC9001FCB3F /* HXUIDateTool.h */,
				1B4785F2263BEDC9001FCB3F /* HXUIDateTool.m */,
				1B4785E9263BE670001FCB3F /* HXUITools.h */,
			);
			path = HXUI;
			sourceTree = SOURCE_ROOT;
		};
		69112D87168573A7D8E60493 /* Pods */ = {
			isa = PBXGroup;
			children = (
				FF1E7BF7D58022312884C663 /* Pods-TestDemo.debug.xcconfig */,
				2CC5B93E4336A4CE5C8EE988 /* Pods-TestDemo.release.xcconfig */,
			);
			path = Pods;
			sourceTree = "<group>";
		};
		821555BEDE5D0685A396EEFF /* Frameworks */ = {
			isa = PBXGroup;
			children = (
				6939CF9438923B2BEF663D55 /* Pods_TestDemo.framework */,
			);
			name = Frameworks;
			sourceTree = "<group>";
		};
/* End PBXGroup section */

/* Begin PBXNativeTarget section */
		1B0576D02637E85600C9D255 /* TestDemo */ = {
			isa = PBXNativeTarget;
			buildConfigurationList = 1B0576EA2637E85900C9D255 /* Build configuration list for PBXNativeTarget "TestDemo" */;
			buildPhases = (
				F25BA6282DE21F9649D5ED96 /* [CP] Check Pods Manifest.lock */,
				1B0576CD2637E85600C9D255 /* Sources */,
				1B0576CE2637E85600C9D255 /* Frameworks */,
				1B0576CF2637E85600C9D255 /* Resources */,
				84DF949707DC7D5CE304D39C /* [CP] Embed Pods Frameworks */,
			);
			buildRules = (
			);
			dependencies = (
			);
			name = TestDemo;
			productName = TestDemo;
			productReference = 1B0576D12637E85600C9D255 /* TestDemo.app */;
			productType = "com.apple.product-type.application";
		};
/* End PBXNativeTarget section */

/* Begin PBXProject section */
		1B0576C92637E85600C9D255 /* Project object */ = {
			isa = PBXProject;
			attributes = {
				LastUpgradeCheck = 1240;
				TargetAttributes = {
					1B0576D02637E85600C9D255 = {
						CreatedOnToolsVersion = 12.4;
					};
				};
			};
			buildConfigurationList = 1B0576CC2637E85600C9D255 /* Build configuration list for PBXProject "TestDemo" */;
			compatibilityVersion = "Xcode 9.3";
			developmentRegion = en;
			hasScannedForEncodings = 0;
			knownRegions = (
				en,
				Base,
			);
			mainGroup = 1B0576C82637E85600C9D255;
			productRefGroup = 1B0576D22637E85600C9D255 /* Products */;
			projectDirPath = "";
			projectRoot = "";
			targets = (
				1B0576D02637E85600C9D255 /* TestDemo */,
			);
		};
/* End PBXProject section */

/* Begin PBXResourcesBuildPhase section */
		1B0576CF2637E85600C9D255 /* Resources */ = {
			isa = PBXResourcesBuildPhase;
			buildActionMask = 2147483647;
			files = (
				1B0576E42637E85900C9D255 /* LaunchScreen.storyboard in Resources */,
				1B0576E12637E85900C9D255 /* Assets.xcassets in Resources */,
				1B0576DF2637E85600C9D255 /* Main.storyboard in Resources */,
			);
			runOnlyForDeploymentPostprocessing = 0;
		};
/* End PBXResourcesBuildPhase section */

/* Begin PBXShellScriptBuildPhase section */
		84DF949707DC7D5CE304D39C /* [CP] Embed Pods Frameworks */ = {
			isa = PBXShellScriptBuildPhase;
			buildActionMask = 2147483647;
			files = (
			);
			inputFileListPaths = (
				"${PODS_ROOT}/Target Support Files/Pods-TestDemo/Pods-TestDemo-frameworks-${CONFIGURATION}-input-files.xcfilelist",
			);
			name = "[CP] Embed Pods Frameworks";
			outputFileListPaths = (
				"${PODS_ROOT}/Target Support Files/Pods-TestDemo/Pods-TestDemo-frameworks-${CONFIGURATION}-output-files.xcfilelist",
			);
			runOnlyForDeploymentPostprocessing = 0;
			shellPath = /bin/sh;
			shellScript = "\"${PODS_ROOT}/Target Support Files/Pods-TestDemo/Pods-TestDemo-frameworks.sh\"\n";
			showEnvVarsInLog = 0;
		};
		F25BA6282DE21F9649D5ED96 /* [CP] Check Pods Manifest.lock */ = {
			isa = PBXShellScriptBuildPhase;
			buildActionMask = 2147483647;
			files = (
			);
			inputFileListPaths = (
			);
			inputPaths = (
				"${PODS_PODFILE_DIR_PATH}/Podfile.lock",
				"${PODS_ROOT}/Manifest.lock",
			);
			name = "[CP] Check Pods Manifest.lock";
			outputFileListPaths = (
			);
			outputPaths = (
				"$(DERIVED_FILE_DIR)/Pods-TestDemo-checkManifestLockResult.txt",
			);
			runOnlyForDeploymentPostprocessing = 0;
			shellPath = /bin/sh;
			shellScript = "diff \"${PODS_PODFILE_DIR_PATH}/Podfile.lock\" \"${PODS_ROOT}/Manifest.lock\" > /dev/null\nif [ $? != 0 ] ; then\n    # print error to STDERR\n    echo \"error: The sandbox is not in sync with the Podfile.lock. Run 'pod install' or update your CocoaPods installation.\" >&2\n    exit 1\nfi\n# This output is used by Xcode 'outputs' to avoid re-running this script phase.\necho \"SUCCESS\" > \"${SCRIPT_OUTPUT_FILE_0}\"\n";
			showEnvVarsInLog = 0;
		};
/* End PBXShellScriptBuildPhase section */

/* Begin PBXSourcesBuildPhase section */
		1B0576CD2637E85600C9D255 /* Sources */ = {
			isa = PBXSourcesBuildPhase;
			buildActionMask = 2147483647;
			files = (
				1B4785EB263BE7E1001FCB3F /* HXUITools.h in Sources */,
				1B0576DC2637E85600C9D255 /* ViewController.m in Sources */,
				1B0576D62637E85600C9D255 /* AppDelegate.m in Sources */,
				1B0576E72637E85900C9D255 /* main.m in Sources */,
				1B4785F3263BEDC9001FCB3F /* HXUIDateTool.m in Sources */,
				1B4785EF263BED44001FCB3F /* UIImage+HXUIImage.m in Sources */,
				1B0576FF2637F38500C9D255 /* HXUIMoneyTextField.m in Sources */,
				1B0576D92637E85600C9D255 /* SceneDelegate.m in Sources */,
			);
			runOnlyForDeploymentPostprocessing = 0;
		};
/* End PBXSourcesBuildPhase section */

/* Begin PBXVariantGroup section */
		1B0576DD2637E85600C9D255 /* Main.storyboard */ = {
			isa = PBXVariantGroup;
			children = (
				1B0576DE2637E85600C9D255 /* Base */,
			);
			name = Main.storyboard;
			sourceTree = "<group>";
		};
		1B0576E22637E85900C9D255 /* LaunchScreen.storyboard */ = {
			isa = PBXVariantGroup;
			children = (
				1B0576E32637E85900C9D255 /* Base */,
			);
			name = LaunchScreen.storyboard;
			sourceTree = "<group>";
		};
/* End PBXVariantGroup section */

/* Begin XCBuildConfiguration section */
		1B0576E82637E85900C9D255 /* Debug */ = {
			isa = XCBuildConfiguration;
			buildSettings = {
				ALWAYS_SEARCH_USER_PATHS = NO;
				CLANG_ANALYZER_NONNULL = YES;
				CLANG_ANALYZER_NUMBER_OBJECT_CONVERSION = YES_AGGRESSIVE;
				CLANG_CXX_LANGUAGE_STANDARD = "gnu++14";
				CLANG_CXX_LIBRARY = "libc++";
				CLANG_ENABLE_MODULES = YES;
				CLANG_ENABLE_OBJC_ARC = YES;
				CLANG_ENABLE_OBJC_WEAK = YES;
				CLANG_WARN_BLOCK_CAPTURE_AUTORELEASING = YES;
				CLANG_WARN_BOOL_CONVERSION = YES;
				CLANG_WARN_COMMA = YES;
				CLANG_WARN_CONSTANT_CONVERSION = YES;
				CLANG_WARN_DEPRECATED_OBJC_IMPLEMENTATIONS = YES;
				CLANG_WARN_DIRECT_OBJC_ISA_USAGE = YES_ERROR;
				CLANG_WARN_DOCUMENTATION_COMMENTS = YES;
				CLANG_WARN_EMPTY_BODY = YES;
				CLANG_WARN_ENUM_CONVERSION = YES;
				CLANG_WARN_INFINITE_RECURSION = YES;
				CLANG_WARN_INT_CONVERSION = YES;
				CLANG_WARN_NON_LITERAL_NULL_CONVERSION = YES;
				CLANG_WARN_OBJC_IMPLICIT_RETAIN_SELF = YES;
				CLANG_WARN_OBJC_LITERAL_CONVERSION = YES;
				CLANG_WARN_OBJC_ROOT_CLASS = YES_ERROR;
				CLANG_WARN_QUOTED_INCLUDE_IN_FRAMEWORK_HEADER = YES;
				CLANG_WARN_RANGE_LOOP_ANALYSIS = YES;
				CLANG_WARN_STRICT_PROTOTYPES = YES;
				CLANG_WARN_SUSPICIOUS_MOVE = YES;
				CLANG_WARN_UNGUARDED_AVAILABILITY = YES_AGGRESSIVE;
				CLANG_WARN_UNREACHABLE_CODE = YES;
				CLANG_WARN__DUPLICATE_METHOD_MATCH = YES;
				COPY_PHASE_STRIP = NO;
				DEBUG_INFORMATION_FORMAT = dwarf;
				ENABLE_STRICT_OBJC_MSGSEND = YES;
				ENABLE_TESTABILITY = YES;
				GCC_C_LANGUAGE_STANDARD = gnu11;
				GCC_DYNAMIC_NO_PIC = NO;
				GCC_NO_COMMON_BLOCKS = YES;
				GCC_OPTIMIZATION_LEVEL = 0;
				GCC_PREPROCESSOR_DEFINITIONS = (
					"DEBUG=1",
					"$(inherited)",
				);
				GCC_WARN_64_TO_32_BIT_CONVERSION = YES;
				GCC_WARN_ABOUT_RETURN_TYPE = YES_ERROR;
				GCC_WARN_UNDECLARED_SELECTOR = YES;
				GCC_WARN_UNINITIALIZED_AUTOS = YES_AGGRESSIVE;
				GCC_WARN_UNUSED_FUNCTION = YES;
				GCC_WARN_UNUSED_VARIABLE = YES;
				IPHONEOS_DEPLOYMENT_TARGET = 14.4;
				MTL_ENABLE_DEBUG_INFO = INCLUDE_SOURCE;
				MTL_FAST_MATH = YES;
				ONLY_ACTIVE_ARCH = YES;
				SDKROOT = iphoneos;
			};
			name = Debug;
		};
		1B0576E92637E85900C9D255 /* Release */ = {
			isa = XCBuildConfiguration;
			buildSettings = {
				ALWAYS_SEARCH_USER_PATHS = NO;
				CLANG_ANALYZER_NONNULL = YES;
				CLANG_ANALYZER_NUMBER_OBJECT_CONVERSION = YES_AGGRESSIVE;
				CLANG_CXX_LANGUAGE_STANDARD = "gnu++14";
				CLANG_CXX_LIBRARY = "libc++";
				CLANG_ENABLE_MODULES = YES;
				CLANG_ENABLE_OBJC_ARC = YES;
				CLANG_ENABLE_OBJC_WEAK = YES;
				CLANG_WARN_BLOCK_CAPTURE_AUTORELEASING = YES;
				CLANG_WARN_BOOL_CONVERSION = YES;
				CLANG_WARN_COMMA = YES;
				CLANG_WARN_CONSTANT_CONVERSION = YES;
				CLANG_WARN_DEPRECATED_OBJC_IMPLEMENTATIONS = YES;
				CLANG_WARN_DIRECT_OBJC_ISA_USAGE = YES_ERROR;
				CLANG_WARN_DOCUMENTATION_COMMENTS = YES;
				CLANG_WARN_EMPTY_BODY = YES;
				CLANG_WARN_ENUM_CONVERSION = YES;
				CLANG_WARN_INFINITE_RECURSION = YES;
				CLANG_WARN_INT_CONVERSION = YES;
				CLANG_WARN_NON_LITERAL_NULL_CONVERSION = YES;
				CLANG_WARN_OBJC_IMPLICIT_RETAIN_SELF = YES;
				CLANG_WARN_OBJC_LITERAL_CONVERSION = YES;
				CLANG_WARN_OBJC_ROOT_CLASS = YES_ERROR;
				CLANG_WARN_QUOTED_INCLUDE_IN_FRAMEWORK_HEADER = YES;
				CLANG_WARN_RANGE_LOOP_ANALYSIS = YES;
				CLANG_WARN_STRICT_PROTOTYPES = YES;
				CLANG_WARN_SUSPICIOUS_MOVE = YES;
				CLANG_WARN_UNGUARDED_AVAILABILITY = YES_AGGRESSIVE;
				CLANG_WARN_UNREACHABLE_CODE = YES;
				CLANG_WARN__DUPLICATE_METHOD_MATCH = YES;
				COPY_PHASE_STRIP = NO;
				DEBUG_INFORMATION_FORMAT = "dwarf-with-dsym";
				ENABLE_NS_ASSERTIONS = NO;
				ENABLE_STRICT_OBJC_MSGSEND = YES;
				GCC_C_LANGUAGE_STANDARD = gnu11;
				GCC_NO_COMMON_BLOCKS = YES;
				GCC_WARN_64_TO_32_BIT_CONVERSION = YES;
				GCC_WARN_ABOUT_RETURN_TYPE = YES_ERROR;
				GCC_WARN_UNDECLARED_SELECTOR = YES;
				GCC_WARN_UNINITIALIZED_AUTOS = YES_AGGRESSIVE;
				GCC_WARN_UNUSED_FUNCTION = YES;
				GCC_WARN_UNUSED_VARIABLE = YES;
				IPHONEOS_DEPLOYMENT_TARGET = 14.4;
				MTL_ENABLE_DEBUG_INFO = NO;
				MTL_FAST_MATH = YES;
				SDKROOT = iphoneos;
				VALIDATE_PRODUCT = YES;
			};
			name = Release;
		};
		1B0576EB2637E85900C9D255 /* Debug */ = {
			isa = XCBuildConfiguration;
			baseConfigurationReference = FF1E7BF7D58022312884C663 /* Pods-TestDemo.debug.xcconfig */;
			buildSettings = {
				ASSETCATALOG_COMPILER_APPICON_NAME = AppIcon;
				ASSETCATALOG_COMPILER_GLOBAL_ACCENT_COLOR_NAME = AccentColor;
				CODE_SIGN_STYLE = Automatic;
				DEVELOPMENT_TEAM = CKJLL77NDJ;
				INFOPLIST_FILE = TestDemo/Info.plist;
				LD_RUNPATH_SEARCH_PATHS = (
					"$(inherited)",
					"@executable_path/Frameworks",
				);
				PRODUCT_BUNDLE_IDENTIFIER = com.heihuang.TestDemo;
				PRODUCT_NAME = "$(TARGET_NAME)";
				TARGETED_DEVICE_FAMILY = "1,2";
			};
			name = Debug;
		};
		1B0576EC2637E85900C9D255 /* Release */ = {
			isa = XCBuildConfiguration;
			baseConfigurationReference = 2CC5B93E4336A4CE5C8EE988 /* Pods-TestDemo.release.xcconfig */;
			buildSettings = {
				ASSETCATALOG_COMPILER_APPICON_NAME = AppIcon;
				ASSETCATALOG_COMPILER_GLOBAL_ACCENT_COLOR_NAME = AccentColor;
				CODE_SIGN_STYLE = Automatic;
				DEVELOPMENT_TEAM = CKJLL77NDJ;
				INFOPLIST_FILE = TestDemo/Info.plist;
				LD_RUNPATH_SEARCH_PATHS = (
					"$(inherited)",
					"@executable_path/Frameworks",
				);
				PRODUCT_BUNDLE_IDENTIFIER = com.heihuang.TestDemo;
				PRODUCT_NAME = "$(TARGET_NAME)";
				TARGETED_DEVICE_FAMILY = "1,2";
			};
			name = Release;
		};
/* End XCBuildConfiguration section */

/* Begin XCConfigurationList section */
		1B0576CC2637E85600C9D255 /* Build configuration list for PBXProject "TestDemo" */ = {
			isa = XCConfigurationList;
			buildConfigurations = (
				1B0576E82637E85900C9D255 /* Debug */,
				1B0576E92637E85900C9D255 /* Release */,
			);
			defaultConfigurationIsVisible = 0;
			defaultConfigurationName = Release;
		};
		1B0576EA2637E85900C9D255 /* Build configuration list for PBXNativeTarget "TestDemo" */ = {
			isa = XCConfigurationList;
			buildConfigurations = (
				1B0576EB2637E85900C9D255 /* Debug */,
				1B0576EC2637E85900C9D255 /* Release */,
			);
			defaultConfigurationIsVisible = 0;
			defaultConfigurationName = Release;
		};
/* End XCConfigurationList section */
	};
	rootObject = 1B0576C92637E85600C9D255 /* Project object */;
}
